// !$*UTF8*$!
{
	archiveVersion = 1;
	classes = {
	};
	objectVersion = 46;
	objects = {

/* Begin PBXBuildFile section */
		5223CD6E17E6941F00788660 /* Accelerate.framework in Frameworks */ = {isa = PBXBuildFile; fileRef = 5223CD6D17E6941F00788660 /* Accelerate.framework */; };
		5223CD7917E69A9800788660 /* JRLoginTableViewController.m in Sources */ = {isa = PBXBuildFile; fileRef = 5223CD7817E69A9800788660 /* JRLoginTableViewController.m */; };
		5223CD7B17E69AF100788660 /* TextCell.xib in Resources */ = {isa = PBXBuildFile; fileRef = 5223CD7A17E69AF100788660 /* TextCell.xib */; };
		5223CD7E17E69BBF00788660 /* JRLightPlaceholderTextField.m in Sources */ = {isa = PBXBuildFile; fileRef = 5223CD7D17E69BBF00788660 /* JRLightPlaceholderTextField.m */; };
		5223CD8117E69C2200788660 /* JRTextCell.m in Sources */ = {isa = PBXBuildFile; fileRef = 5223CD8017E69C2200788660 /* JRTextCell.m */; };
		5223CDA817E6B1D400788660 /* DRNRealTimeBlurView.m in Sources */ = {isa = PBXBuildFile; fileRef = 5223CD8D17E6B1D400788660 /* DRNRealTimeBlurView.m */; };
		5223CDA917E6B1D400788660 /* UIImage+BoxBlur.m in Sources */ = {isa = PBXBuildFile; fileRef = 5223CD8F17E6B1D400788660 /* UIImage+BoxBlur.m */; };
		5223CDBB17E6B29A00788660 /* UINavigationController+StatusBar.m in Sources */ = {isa = PBXBuildFile; fileRef = 5223CDBA17E6B29A00788660 /* UINavigationController+StatusBar.m */; };
		5223CDBE17E6B2D000788660 /* JRMasterController.m in Sources */ = {isa = PBXBuildFile; fileRef = 5223CDBD17E6B2D000788660 /* JRMasterController.m */; };
		5223CDCA17E6BBBD00788660 /* SVProgressHUD.bundle in Resources */ = {isa = PBXBuildFile; fileRef = 5223CDC717E6BBBD00788660 /* SVProgressHUD.bundle */; };
		5223CDCB17E6BBBD00788660 /* SVProgressHUD.m in Sources */ = {isa = PBXBuildFile; fileRef = 5223CDC917E6BBBD00788660 /* SVProgressHUD.m */; };
		523C70FC17EA55A7001EFFCE /* JRInterfaceTheme.m in Sources */ = {isa = PBXBuildFile; fileRef = 523C70FB17EA55A7001EFFCE /* JRInterfaceTheme.m */; };
		523C710017EA608B001EFFCE /* JRTextFieldCell.xib in Resources */ = {isa = PBXBuildFile; fileRef = 523C70FF17EA608B001EFFCE /* JRTextFieldCell.xib */; };
		523C710417EA61C8001EFFCE /* JRTextFieldCell.m in Sources */ = {isa = PBXBuildFile; fileRef = 523C710317EA61C8001EFFCE /* JRTextFieldCell.m */; };
		523C710917EA62A4001EFFCE /* JRLoginViewController.m in Sources */ = {isa = PBXBuildFile; fileRef = 523C710817EA62A4001EFFCE /* JRLoginViewController.m */; };
		523C710E17EA73EB001EFFCE /* JRColorCircleView.m in Sources */ = {isa = PBXBuildFile; fileRef = 523C710D17EA73EB001EFFCE /* JRColorCircleView.m */; };
		523CD30417ADD6460073372B /* EventKit.framework in Frameworks */ = {isa = PBXBuildFile; fileRef = 523CD30317ADD6460073372B /* EventKit.framework */; };
		524BAF6F17E76F400044BDC7 /* JRColorTheme.m in Sources */ = {isa = PBXBuildFile; fileRef = 524BAF6E17E76F400044BDC7 /* JRColorTheme.m */; };
		52854F0517E812FC00919635 /* Foundation.framework in Frameworks */ = {isa = PBXBuildFile; fileRef = 52E2DA1E178CEADB00CF96C5 /* Foundation.framework */; };
		52854F0817E812FC00919635 /* main.m in Sources */ = {isa = PBXBuildFile; fileRef = 52854F0717E812FC00919635 /* main.m */; };
		52854F1117E8132B00919635 /* TKStore.m in Sources */ = {isa = PBXBuildFile; fileRef = 52E2DA61178CEB1300CF96C5 /* TKStore.m */; };
		52854F1217E8132E00919635 /* TKDepartment.m in Sources */ = {isa = PBXBuildFile; fileRef = 52E2DA5F178CEB1300CF96C5 /* TKDepartment.m */; };
		52854F1317E8133100919635 /* TKEmployee.m in Sources */ = {isa = PBXBuildFile; fileRef = 52E2DA5D178CEB1300CF96C5 /* TKEmployee.m */; };
		52854F1417E8133300919635 /* TKTimePeriod.m in Sources */ = {isa = PBXBuildFile; fileRef = 52E2DA5B178CEB1300CF96C5 /* TKTimePeriod.m */; };
		52854F1517E8133400919635 /* TKShift.m in Sources */ = {isa = PBXBuildFile; fileRef = 52E2DA59178CEB1300CF96C5 /* TKShift.m */; };
		52854F1617E8133600919635 /* TKSession.m in Sources */ = {isa = PBXBuildFile; fileRef = 52E2DA57178CEB1300CF96C5 /* TKSession.m */; };
		52854F1817E8147900919635 /* CoreFoundation.framework in Frameworks */ = {isa = PBXBuildFile; fileRef = 52854F1717E8147900919635 /* CoreFoundation.framework */; };
		52854F1917E816D800919635 /* TFHpple.m in Sources */ = {isa = PBXBuildFile; fileRef = 52E2DA6C178CEB3F00CF96C5 /* TFHpple.m */; };
		52854F1A17E816DA00919635 /* TFHppleElement.m in Sources */ = {isa = PBXBuildFile; fileRef = 52E2DA6E178CEB3F00CF96C5 /* TFHppleElement.m */; };
		52854F1B17E816DB00919635 /* XPathQuery.m in Sources */ = {isa = PBXBuildFile; fileRef = 52E2DA70178CEB3F00CF96C5 /* XPathQuery.m */; };
		52854F1D17E816EB00919635 /* libxml2.dylib in Frameworks */ = {isa = PBXBuildFile; fileRef = 52854F1C17E816EB00919635 /* libxml2.dylib */; };
		52854F3417E8202400919635 /* AFHTTPClient.m in Sources */ = {isa = PBXBuildFile; fileRef = 52854F2217E8202400919635 /* AFHTTPClient.m */; };
		52854F3517E8202400919635 /* AFHTTPRequestOperation.m in Sources */ = {isa = PBXBuildFile; fileRef = 52854F2417E8202400919635 /* AFHTTPRequestOperation.m */; };
		52854F3617E8202400919635 /* AFImageRequestOperation.m in Sources */ = {isa = PBXBuildFile; fileRef = 52854F2617E8202400919635 /* AFImageRequestOperation.m */; };
		52854F3717E8202400919635 /* AFJSONRequestOperation.m in Sources */ = {isa = PBXBuildFile; fileRef = 52854F2817E8202400919635 /* AFJSONRequestOperation.m */; };
		52854F3817E8202400919635 /* AFNetworkActivityIndicatorManager.m in Sources */ = {isa = PBXBuildFile; fileRef = 52854F2A17E8202400919635 /* AFNetworkActivityIndicatorManager.m */; };
		52854F3917E8202400919635 /* AFPropertyListRequestOperation.m in Sources */ = {isa = PBXBuildFile; fileRef = 52854F2D17E8202400919635 /* AFPropertyListRequestOperation.m */; };
		52854F3A17E8202400919635 /* AFURLConnectionOperation.m in Sources */ = {isa = PBXBuildFile; fileRef = 52854F2F17E8202400919635 /* AFURLConnectionOperation.m */; };
		52854F3B17E8202400919635 /* AFXMLRequestOperation.m in Sources */ = {isa = PBXBuildFile; fileRef = 52854F3117E8202400919635 /* AFXMLRequestOperation.m */; };
		52854F3C17E8202400919635 /* UIImageView+AFNetworking.m in Sources */ = {isa = PBXBuildFile; fileRef = 52854F3317E8202400919635 /* UIImageView+AFNetworking.m */; };
		528F7D4D17E8B4B200025ADC /* ShiftCell.xib in Resources */ = {isa = PBXBuildFile; fileRef = 528F7D4C17E8B4B200025ADC /* ShiftCell.xib */; };
		528F7D5317E8B8E800025ADC /* JRAboutViewController.m in Sources */ = {isa = PBXBuildFile; fileRef = 528F7D5217E8B8E800025ADC /* JRAboutViewController.m */; };
		528F7D5517E8B8F600025ADC /* AboutCell.xib in Resources */ = {isa = PBXBuildFile; fileRef = 528F7D5417E8B8F600025ADC /* AboutCell.xib */; };
		528F7D5A17E8BF4800025ADC /* README.md in Resources */ = {isa = PBXBuildFile; fileRef = 528F7D5717E8BF4800025ADC /* README.md */; };
		528F7D5B17E8BF4800025ADC /* UIImage+RoundedImage.m in Sources */ = {isa = PBXBuildFile; fileRef = 528F7D5917E8BF4800025ADC /* UIImage+RoundedImage.m */; };
		528F7D5E17E8BF6F00025ADC /* JRAboutMeCell.m in Sources */ = {isa = PBXBuildFile; fileRef = 528F7D5D17E8BF6F00025ADC /* JRAboutMeCell.m */; };
		5290B06A17EA9E7800A2A511 /* JRDarkTheme.tlctheme in Resources */ = {isa = PBXBuildFile; fileRef = 5290B06917EA9E7800A2A511 /* JRDarkTheme.tlctheme */; };
		5295A0D117E8D5CD00E2188A /* ProperImageCell.xib in Resources */ = {isa = PBXBuildFile; fileRef = 5295A0D017E8D5CD00E2188A /* ProperImageCell.xib */; };
		5295A0D417E8D66F00E2188A /* JRProperImageCell.m in Sources */ = {isa = PBXBuildFile; fileRef = 5295A0D317E8D66F00E2188A /* JRProperImageCell.m */; };
		5295A0D817E8DD1200E2188A /* JRScheduleTableViewController.m in Sources */ = {isa = PBXBuildFile; fileRef = 5295A0D717E8DD1200E2188A /* JRScheduleTableViewController.m */; };
		5295A0DF17E8EC6200E2188A /* JRColorRingImageView.m in Sources */ = {isa = PBXBuildFile; fileRef = 5295A0DE17E8EC6200E2188A /* JRColorRingImageView.m */; };
		5295A0E317E8F72F00E2188A /* UINavigationBar+BigBar.m in Sources */ = {isa = PBXBuildFile; fileRef = 5295A0E217E8F72F00E2188A /* UINavigationBar+BigBar.m */; };
		5295A0E617E8F89000E2188A /* JREmployeeDetailViewController.m in Sources */ = {isa = PBXBuildFile; fileRef = 5295A0E517E8F89000E2188A /* JREmployeeDetailViewController.m */; };
		5295A0EA17E92B4300E2188A /* JRNavigationBar.m in Sources */ = {isa = PBXBuildFile; fileRef = 5295A0E917E92B4300E2188A /* JRNavigationBar.m */; };
		5295A0ED17E93E0800E2188A /* JRRoundedColorView.m in Sources */ = {isa = PBXBuildFile; fileRef = 5295A0EC17E93E0800E2188A /* JRRoundedColorView.m */; };
		5295A0F017E944AA00E2188A /* JRSolidBGColorView.m in Sources */ = {isa = PBXBuildFile; fileRef = 5295A0EF17E944AA00E2188A /* JRSolidBGColorView.m */; };
		5295A0F417E9481000E2188A /* JRThemeManager.m in Sources */ = {isa = PBXBuildFile; fileRef = 5295A0F317E9481000E2188A /* JRThemeManager.m */; };
		5295A0F717E9481D00E2188A /* JRTheme.m in Sources */ = {isa = PBXBuildFile; fileRef = 5295A0F617E9481D00E2188A /* JRTheme.m */; };
		5295A0FA17E95E5E00E2188A /* JRThemedViewController.m in Sources */ = {isa = PBXBuildFile; fileRef = 5295A0F917E95E5E00E2188A /* JRThemedViewController.m */; };
		5295A0FD17E95FC500E2188A /* JRNavigationController.m in Sources */ = {isa = PBXBuildFile; fileRef = 5295A0FC17E95FC500E2188A /* JRNavigationController.m */; };
		5295A10017E962A600E2188A /* JRThemedTableViewController.m in Sources */ = {isa = PBXBuildFile; fileRef = 5295A0FF17E962A600E2188A /* JRThemedTableViewController.m */; };
		52E2DA1F178CEADB00CF96C5 /* Foundation.framework in Frameworks */ = {isa = PBXBuildFile; fileRef = 52E2DA1E178CEADB00CF96C5 /* Foundation.framework */; };
		52E2DA21178CEADB00CF96C5 /* CoreGraphics.framework in Frameworks */ = {isa = PBXBuildFile; fileRef = 52E2DA20178CEADB00CF96C5 /* CoreGraphics.framework */; };
		52E2DA23178CEADB00CF96C5 /* UIKit.framework in Frameworks */ = {isa = PBXBuildFile; fileRef = 52E2DA22178CEADB00CF96C5 /* UIKit.framework */; };
		52E2DA29178CEADB00CF96C5 /* InfoPlist.strings in Resources */ = {isa = PBXBuildFile; fileRef = 52E2DA27178CEADB00CF96C5 /* InfoPlist.strings */; };
		52E2DA2B178CEADB00CF96C5 /* main.m in Sources */ = {isa = PBXBuildFile; fileRef = 52E2DA2A178CEADB00CF96C5 /* main.m */; };
		52E2DA2F178CEADB00CF96C5 /* JRAppDelegate.m in Sources */ = {isa = PBXBuildFile; fileRef = 52E2DA2E178CEADB00CF96C5 /* JRAppDelegate.m */; };
		52E2DA3A178CEADB00CF96C5 /* Images.xcassets in Resources */ = {isa = PBXBuildFile; fileRef = 52E2DA39178CEADB00CF96C5 /* Images.xcassets */; };
		52E2DA64178CEB1300CF96C5 /* TKSession.m in Sources */ = {isa = PBXBuildFile; fileRef = 52E2DA57178CEB1300CF96C5 /* TKSession.m */; };
		52E2DA65178CEB1300CF96C5 /* TKShift.m in Sources */ = {isa = PBXBuildFile; fileRef = 52E2DA59178CEB1300CF96C5 /* TKShift.m */; };
		52E2DA66178CEB1300CF96C5 /* TKTimePeriod.m in Sources */ = {isa = PBXBuildFile; fileRef = 52E2DA5B178CEB1300CF96C5 /* TKTimePeriod.m */; };
		52E2DA67178CEB1300CF96C5 /* TKEmployee.m in Sources */ = {isa = PBXBuildFile; fileRef = 52E2DA5D178CEB1300CF96C5 /* TKEmployee.m */; };
		52E2DA68178CEB1300CF96C5 /* TKDepartment.m in Sources */ = {isa = PBXBuildFile; fileRef = 52E2DA5F178CEB1300CF96C5 /* TKDepartment.m */; };
		52E2DA69178CEB1300CF96C5 /* TKStore.m in Sources */ = {isa = PBXBuildFile; fileRef = 52E2DA61178CEB1300CF96C5 /* TKStore.m */; };
		52E2DA71178CEB3F00CF96C5 /* TFHpple.m in Sources */ = {isa = PBXBuildFile; fileRef = 52E2DA6C178CEB3F00CF96C5 /* TFHpple.m */; };
		52E2DA72178CEB3F00CF96C5 /* TFHppleElement.m in Sources */ = {isa = PBXBuildFile; fileRef = 52E2DA6E178CEB3F00CF96C5 /* TFHppleElement.m */; };
		52E2DA73178CEB3F00CF96C5 /* XPathQuery.m in Sources */ = {isa = PBXBuildFile; fileRef = 52E2DA70178CEB3F00CF96C5 /* XPathQuery.m */; };
		52E2DA79178D058900CF96C5 /* libxml2.dylib in Frameworks */ = {isa = PBXBuildFile; fileRef = 52E2DA78178D058900CF96C5 /* libxml2.dylib */; };
		52F0078B17E8C3B600D444CF /* me.png in Resources */ = {isa = PBXBuildFile; fileRef = 52F0078A17E8C3B600D444CF /* me.png */; };
		52F0078D17E8C5F100D444CF /* myfatface.png in Resources */ = {isa = PBXBuildFile; fileRef = 52F0078C17E8C5F100D444CF /* myfatface.png */; };
		52F0078F17E8C98500D444CF /* twitter-bird-white-on-blue.png in Resources */ = {isa = PBXBuildFile; fileRef = 52F0078E17E8C98500D444CF /* twitter-bird-white-on-blue.png */; };
		52F0079117E8CA6F00D444CF /* GitHub.png in Resources */ = {isa = PBXBuildFile; fileRef = 52F0079017E8CA6F00D444CF /* GitHub.png */; };
		52F0079317E8CED300D444CF /* AboutTheAppCell.xib in Resources */ = {isa = PBXBuildFile; fileRef = 52F0079217E8CED300D444CF /* AboutTheAppCell.xib */; };
		52F0079617E8D08800D444CF /* JRTextViewCell.m in Sources */ = {isa = PBXBuildFile; fileRef = 52F0079517E8D08800D444CF /* JRTextViewCell.m */; };
/* End PBXBuildFile section */

/* Begin PBXCopyFilesBuildPhase section */
		52854F0217E812FC00919635 /* CopyFiles */ = {
			isa = PBXCopyFilesBuildPhase;
			buildActionMask = 2147483647;
			dstPath = /usr/share/man/man1/;
			dstSubfolderSpec = 0;
			files = (
			);
			runOnlyForDeploymentPostprocessing = 1;
		};
/* End PBXCopyFilesBuildPhase section */

/* Begin PBXFileReference section */
		5223CD6D17E6941F00788660 /* Accelerate.framework */ = {isa = PBXFileReference; lastKnownFileType = wrapper.framework; name = Accelerate.framework; path = System/Library/Frameworks/Accelerate.framework; sourceTree = SDKROOT; };
		5223CD7717E69A9800788660 /* JRLoginTableViewController.h */ = {isa = PBXFileReference; fileEncoding = 4; lastKnownFileType = sourcecode.c.h; name = JRLoginTableViewController.h; path = ../JRLoginTableViewController.h; sourceTree = "<group>"; };
		5223CD7817E69A9800788660 /* JRLoginTableViewController.m */ = {isa = PBXFileReference; fileEncoding = 4; lastKnownFileType = sourcecode.c.objc; name = JRLoginTableViewController.m; path = ../JRLoginTableViewController.m; sourceTree = "<group>"; };
		5223CD7A17E69AF100788660 /* TextCell.xib */ = {isa = PBXFileReference; fileEncoding = 4; lastKnownFileType = file.xib; name = TextCell.xib; path = ../TextCell.xib; sourceTree = "<group>"; };
		5223CD7C17E69BBF00788660 /* JRLightPlaceholderTextField.h */ = {isa = PBXFileReference; fileEncoding = 4; lastKnownFileType = sourcecode.c.h; name = JRLightPlaceholderTextField.h; path = ../JRLightPlaceholderTextField.h; sourceTree = "<group>"; };
		5223CD7D17E69BBF00788660 /* JRLightPlaceholderTextField.m */ = {isa = PBXFileReference; fileEncoding = 4; lastKnownFileType = sourcecode.c.objc; name = JRLightPlaceholderTextField.m; path = ../JRLightPlaceholderTextField.m; sourceTree = "<group>"; };
		5223CD7F17E69C2200788660 /* JRTextCell.h */ = {isa = PBXFileReference; fileEncoding = 4; lastKnownFileType = sourcecode.c.h; name = JRTextCell.h; path = ../JRTextCell.h; sourceTree = "<group>"; };
		5223CD8017E69C2200788660 /* JRTextCell.m */ = {isa = PBXFileReference; fileEncoding = 4; lastKnownFileType = sourcecode.c.objc; name = JRTextCell.m; path = ../JRTextCell.m; sourceTree = "<group>"; };
		5223CD8C17E6B1D400788660 /* DRNRealTimeBlurView.h */ = {isa = PBXFileReference; fileEncoding = 4; lastKnownFileType = sourcecode.c.h; path = DRNRealTimeBlurView.h; sourceTree = "<group>"; };
		5223CD8D17E6B1D400788660 /* DRNRealTimeBlurView.m */ = {isa = PBXFileReference; fileEncoding = 4; lastKnownFileType = sourcecode.c.objc; path = DRNRealTimeBlurView.m; sourceTree = "<group>"; };
		5223CD8E17E6B1D400788660 /* UIImage+BoxBlur.h */ = {isa = PBXFileReference; fileEncoding = 4; lastKnownFileType = sourcecode.c.h; path = "UIImage+BoxBlur.h"; sourceTree = "<group>"; };
		5223CD8F17E6B1D400788660 /* UIImage+BoxBlur.m */ = {isa = PBXFileReference; fileEncoding = 4; lastKnownFileType = sourcecode.c.objc; path = "UIImage+BoxBlur.m"; sourceTree = "<group>"; };
		5223CDBA17E6B29A00788660 /* UINavigationController+StatusBar.m */ = {isa = PBXFileReference; fileEncoding = 4; lastKnownFileType = sourcecode.c.objc; path = "UINavigationController+StatusBar.m"; sourceTree = "<group>"; };
		5223CDBC17E6B2D000788660 /* JRMasterController.h */ = {isa = PBXFileReference; fileEncoding = 4; lastKnownFileType = sourcecode.c.h; path = JRMasterController.h; sourceTree = "<group>"; };
		5223CDBD17E6B2D000788660 /* JRMasterController.m */ = {isa = PBXFileReference; fileEncoding = 4; lastKnownFileType = sourcecode.c.objc; path = JRMasterController.m; sourceTree = "<group>"; };
		5223CDC417E6B99300788660 /* GJB.h */ = {isa = PBXFileReference; fileEncoding = 4; lastKnownFileType = sourcecode.c.h; path = GJB.h; sourceTree = "<group>"; };
		5223CDC617E6BBBD00788660 /* SVProgressHUD-Prefix.pch */ = {isa = PBXFileReference; fileEncoding = 4; lastKnownFileType = sourcecode.c.h; path = "SVProgressHUD-Prefix.pch"; sourceTree = "<group>"; };
		5223CDC717E6BBBD00788660 /* SVProgressHUD.bundle */ = {isa = PBXFileReference; lastKnownFileType = "wrapper.plug-in"; path = SVProgressHUD.bundle; sourceTree = "<group>"; };
		5223CDC817E6BBBD00788660 /* SVProgressHUD.h */ = {isa = PBXFileReference; fileEncoding = 4; lastKnownFileType = sourcecode.c.h; path = SVProgressHUD.h; sourceTree = "<group>"; };
		5223CDC917E6BBBD00788660 /* SVProgressHUD.m */ = {isa = PBXFileReference; fileEncoding = 4; lastKnownFileType = sourcecode.c.objc; path = SVProgressHUD.m; sourceTree = "<group>"; };
		523C70FA17EA55A7001EFFCE /* JRInterfaceTheme.h */ = {isa = PBXFileReference; fileEncoding = 4; lastKnownFileType = sourcecode.c.h; path = JRInterfaceTheme.h; sourceTree = "<group>"; };
		523C70FB17EA55A7001EFFCE /* JRInterfaceTheme.m */ = {isa = PBXFileReference; fileEncoding = 4; lastKnownFileType = sourcecode.c.objc; path = JRInterfaceTheme.m; sourceTree = "<group>"; };
		523C70FF17EA608B001EFFCE /* JRTextFieldCell.xib */ = {isa = PBXFileReference; fileEncoding = 4; lastKnownFileType = file.xib; path = JRTextFieldCell.xib; sourceTree = "<group>"; };
		523C710217EA61C8001EFFCE /* JRTextFieldCell.h */ = {isa = PBXFileReference; fileEncoding = 4; lastKnownFileType = sourcecode.c.h; path = JRTextFieldCell.h; sourceTree = "<group>"; };
		523C710317EA61C8001EFFCE /* JRTextFieldCell.m */ = {isa = PBXFileReference; fileEncoding = 4; lastKnownFileType = sourcecode.c.objc; path = JRTextFieldCell.m; sourceTree = "<group>"; };
		523C710717EA62A4001EFFCE /* JRLoginViewController.h */ = {isa = PBXFileReference; fileEncoding = 4; lastKnownFileType = sourcecode.c.h; path = JRLoginViewController.h; sourceTree = "<group>"; };
		523C710817EA62A4001EFFCE /* JRLoginViewController.m */ = {isa = PBXFileReference; fileEncoding = 4; lastKnownFileType = sourcecode.c.objc; path = JRLoginViewController.m; sourceTree = "<group>"; };
		523C710C17EA73EB001EFFCE /* JRColorCircleView.h */ = {isa = PBXFileReference; fileEncoding = 4; lastKnownFileType = sourcecode.c.h; path = JRColorCircleView.h; sourceTree = "<group>"; };
		523C710D17EA73EB001EFFCE /* JRColorCircleView.m */ = {isa = PBXFileReference; fileEncoding = 4; lastKnownFileType = sourcecode.c.objc; path = JRColorCircleView.m; sourceTree = "<group>"; };
		523CD30317ADD6460073372B /* EventKit.framework */ = {isa = PBXFileReference; lastKnownFileType = wrapper.framework; name = EventKit.framework; path = System/Library/Frameworks/EventKit.framework; sourceTree = SDKROOT; };
		524BAF6D17E76F400044BDC7 /* JRColorTheme.h */ = {isa = PBXFileReference; fileEncoding = 4; lastKnownFileType = sourcecode.c.h; path = JRColorTheme.h; sourceTree = "<group>"; };
		524BAF6E17E76F400044BDC7 /* JRColorTheme.m */ = {isa = PBXFileReference; fileEncoding = 4; lastKnownFileType = sourcecode.c.objc; path = JRColorTheme.m; sourceTree = "<group>"; };
		52854F0417E812FC00919635 /* TLCFrameworkTests */ = {isa = PBXFileReference; explicitFileType = "compiled.mach-o.executable"; includeInIndex = 0; path = TLCFrameworkTests; sourceTree = BUILT_PRODUCTS_DIR; };
		52854F0717E812FC00919635 /* main.m */ = {isa = PBXFileReference; lastKnownFileType = sourcecode.c.objc; path = main.m; sourceTree = "<group>"; };
		52854F0A17E812FC00919635 /* TLCFrameworkTests-Prefix.pch */ = {isa = PBXFileReference; lastKnownFileType = sourcecode.c.h; path = "TLCFrameworkTests-Prefix.pch"; sourceTree = "<group>"; };
		52854F1717E8147900919635 /* CoreFoundation.framework */ = {isa = PBXFileReference; lastKnownFileType = wrapper.framework; name = CoreFoundation.framework; path = Platforms/MacOSX.platform/Developer/SDKs/MacOSX10.8.sdk/System/Library/Frameworks/CoreFoundation.framework; sourceTree = DEVELOPER_DIR; };
		52854F1C17E816EB00919635 /* libxml2.dylib */ = {isa = PBXFileReference; lastKnownFileType = "compiled.mach-o.dylib"; name = libxml2.dylib; path = Platforms/MacOSX.platform/Developer/SDKs/MacOSX10.8.sdk/usr/lib/libxml2.dylib; sourceTree = DEVELOPER_DIR; };
		52854F2117E8202400919635 /* AFHTTPClient.h */ = {isa = PBXFileReference; fileEncoding = 4; lastKnownFileType = sourcecode.c.h; path = AFHTTPClient.h; sourceTree = "<group>"; };
		52854F2217E8202400919635 /* AFHTTPClient.m */ = {isa = PBXFileReference; fileEncoding = 4; lastKnownFileType = sourcecode.c.objc; path = AFHTTPClient.m; sourceTree = "<group>"; };
		52854F2317E8202400919635 /* AFHTTPRequestOperation.h */ = {isa = PBXFileReference; fileEncoding = 4; lastKnownFileType = sourcecode.c.h; path = AFHTTPRequestOperation.h; sourceTree = "<group>"; };
		52854F2417E8202400919635 /* AFHTTPRequestOperation.m */ = {isa = PBXFileReference; fileEncoding = 4; lastKnownFileType = sourcecode.c.objc; path = AFHTTPRequestOperation.m; sourceTree = "<group>"; };
		52854F2517E8202400919635 /* AFImageRequestOperation.h */ = {isa = PBXFileReference; fileEncoding = 4; lastKnownFileType = sourcecode.c.h; path = AFImageRequestOperation.h; sourceTree = "<group>"; };
		52854F2617E8202400919635 /* AFImageRequestOperation.m */ = {isa = PBXFileReference; fileEncoding = 4; lastKnownFileType = sourcecode.c.objc; path = AFImageRequestOperation.m; sourceTree = "<group>"; };
		52854F2717E8202400919635 /* AFJSONRequestOperation.h */ = {isa = PBXFileReference; fileEncoding = 4; lastKnownFileType = sourcecode.c.h; path = AFJSONRequestOperation.h; sourceTree = "<group>"; };
		52854F2817E8202400919635 /* AFJSONRequestOperation.m */ = {isa = PBXFileReference; fileEncoding = 4; lastKnownFileType = sourcecode.c.objc; path = AFJSONRequestOperation.m; sourceTree = "<group>"; };
		52854F2917E8202400919635 /* AFNetworkActivityIndicatorManager.h */ = {isa = PBXFileReference; fileEncoding = 4; lastKnownFileType = sourcecode.c.h; path = AFNetworkActivityIndicatorManager.h; sourceTree = "<group>"; };
		52854F2A17E8202400919635 /* AFNetworkActivityIndicatorManager.m */ = {isa = PBXFileReference; fileEncoding = 4; lastKnownFileType = sourcecode.c.objc; path = AFNetworkActivityIndicatorManager.m; sourceTree = "<group>"; };
		52854F2B17E8202400919635 /* AFNetworking.h */ = {isa = PBXFileReference; fileEncoding = 4; lastKnownFileType = sourcecode.c.h; path = AFNetworking.h; sourceTree = "<group>"; };
		52854F2C17E8202400919635 /* AFPropertyListRequestOperation.h */ = {isa = PBXFileReference; fileEncoding = 4; lastKnownFileType = sourcecode.c.h; path = AFPropertyListRequestOperation.h; sourceTree = "<group>"; };
		52854F2D17E8202400919635 /* AFPropertyListRequestOperation.m */ = {isa = PBXFileReference; fileEncoding = 4; lastKnownFileType = sourcecode.c.objc; path = AFPropertyListRequestOperation.m; sourceTree = "<group>"; };
		52854F2E17E8202400919635 /* AFURLConnectionOperation.h */ = {isa = PBXFileReference; fileEncoding = 4; lastKnownFileType = sourcecode.c.h; path = AFURLConnectionOperation.h; sourceTree = "<group>"; };
		52854F2F17E8202400919635 /* AFURLConnectionOperation.m */ = {isa = PBXFileReference; fileEncoding = 4; lastKnownFileType = sourcecode.c.objc; path = AFURLConnectionOperation.m; sourceTree = "<group>"; };
		52854F3017E8202400919635 /* AFXMLRequestOperation.h */ = {isa = PBXFileReference; fileEncoding = 4; lastKnownFileType = sourcecode.c.h; path = AFXMLRequestOperation.h; sourceTree = "<group>"; };
		52854F3117E8202400919635 /* AFXMLRequestOperation.m */ = {isa = PBXFileReference; fileEncoding = 4; lastKnownFileType = sourcecode.c.objc; path = AFXMLRequestOperation.m; sourceTree = "<group>"; };
		52854F3217E8202400919635 /* UIImageView+AFNetworking.h */ = {isa = PBXFileReference; fileEncoding = 4; lastKnownFileType = sourcecode.c.h; path = "UIImageView+AFNetworking.h"; sourceTree = "<group>"; };
		52854F3317E8202400919635 /* UIImageView+AFNetworking.m */ = {isa = PBXFileReference; fileEncoding = 4; lastKnownFileType = sourcecode.c.objc; path = "UIImageView+AFNetworking.m"; sourceTree = "<group>"; };
		528F7D4C17E8B4B200025ADC /* ShiftCell.xib */ = {isa = PBXFileReference; fileEncoding = 4; lastKnownFileType = file.xib; path = ShiftCell.xib; sourceTree = "<group>"; };
		528F7D5117E8B8E800025ADC /* JRAboutViewController.h */ = {isa = PBXFileReference; fileEncoding = 4; lastKnownFileType = sourcecode.c.h; path = JRAboutViewController.h; sourceTree = "<group>"; };
		528F7D5217E8B8E800025ADC /* JRAboutViewController.m */ = {isa = PBXFileReference; fileEncoding = 4; lastKnownFileType = sourcecode.c.objc; path = JRAboutViewController.m; sourceTree = "<group>"; };
		528F7D5417E8B8F600025ADC /* AboutCell.xib */ = {isa = PBXFileReference; fileEncoding = 4; lastKnownFileType = file.xib; path = AboutCell.xib; sourceTree = "<group>"; };
		528F7D5717E8BF4800025ADC /* README.md */ = {isa = PBXFileReference; fileEncoding = 4; lastKnownFileType = text; path = README.md; sourceTree = "<group>"; };
		528F7D5817E8BF4800025ADC /* UIImage+RoundedImage.h */ = {isa = PBXFileReference; fileEncoding = 4; lastKnownFileType = sourcecode.c.h; path = "UIImage+RoundedImage.h"; sourceTree = "<group>"; };
		528F7D5917E8BF4800025ADC /* UIImage+RoundedImage.m */ = {isa = PBXFileReference; fileEncoding = 4; lastKnownFileType = sourcecode.c.objc; path = "UIImage+RoundedImage.m"; sourceTree = "<group>"; };
		528F7D5C17E8BF6F00025ADC /* JRAboutMeCell.h */ = {isa = PBXFileReference; fileEncoding = 4; lastKnownFileType = sourcecode.c.h; path = JRAboutMeCell.h; sourceTree = "<group>"; };
		528F7D5D17E8BF6F00025ADC /* JRAboutMeCell.m */ = {isa = PBXFileReference; fileEncoding = 4; lastKnownFileType = sourcecode.c.objc; path = JRAboutMeCell.m; sourceTree = "<group>"; };
		5290B06917EA9E7800A2A511 /* JRDarkTheme.tlctheme */ = {isa = PBXFileReference; lastKnownFileType = file.bplist; path = JRDarkTheme.tlctheme; sourceTree = "<group>"; };
		5295A0D017E8D5CD00E2188A /* ProperImageCell.xib */ = {isa = PBXFileReference; fileEncoding = 4; lastKnownFileType = file.xib; path = ProperImageCell.xib; sourceTree = "<group>"; };
		5295A0D217E8D66F00E2188A /* JRProperImageCell.h */ = {isa = PBXFileReference; fileEncoding = 4; lastKnownFileType = sourcecode.c.h; path = JRProperImageCell.h; sourceTree = "<group>"; };
		5295A0D317E8D66F00E2188A /* JRProperImageCell.m */ = {isa = PBXFileReference; fileEncoding = 4; lastKnownFileType = sourcecode.c.objc; path = JRProperImageCell.m; sourceTree = "<group>"; };
		5295A0D617E8DD1200E2188A /* JRScheduleTableViewController.h */ = {isa = PBXFileReference; fileEncoding = 4; lastKnownFileType = sourcecode.c.h; path = JRScheduleTableViewController.h; sourceTree = "<group>"; };
		5295A0D717E8DD1200E2188A /* JRScheduleTableViewController.m */ = {isa = PBXFileReference; fileEncoding = 4; lastKnownFileType = sourcecode.c.objc; path = JRScheduleTableViewController.m; sourceTree = "<group>"; };
		5295A0DD17E8EC6200E2188A /* JRColorRingImageView.h */ = {isa = PBXFileReference; fileEncoding = 4; lastKnownFileType = sourcecode.c.h; path = JRColorRingImageView.h; sourceTree = "<group>"; };
		5295A0DE17E8EC6200E2188A /* JRColorRingImageView.m */ = {isa = PBXFileReference; fileEncoding = 4; lastKnownFileType = sourcecode.c.objc; path = JRColorRingImageView.m; sourceTree = "<group>"; };
		5295A0E117E8F72F00E2188A /* UINavigationBar+BigBar.h */ = {isa = PBXFileReference; fileEncoding = 4; lastKnownFileType = sourcecode.c.h; path = "UINavigationBar+BigBar.h"; sourceTree = "<group>"; };
		5295A0E217E8F72F00E2188A /* UINavigationBar+BigBar.m */ = {isa = PBXFileReference; fileEncoding = 4; lastKnownFileType = sourcecode.c.objc; path = "UINavigationBar+BigBar.m"; sourceTree = "<group>"; };
		5295A0E417E8F89000E2188A /* JREmployeeDetailViewController.h */ = {isa = PBXFileReference; fileEncoding = 4; lastKnownFileType = sourcecode.c.h; path = JREmployeeDetailViewController.h; sourceTree = "<group>"; };
		5295A0E517E8F89000E2188A /* JREmployeeDetailViewController.m */ = {isa = PBXFileReference; fileEncoding = 4; lastKnownFileType = sourcecode.c.objc; path = JREmployeeDetailViewController.m; sourceTree = "<group>"; };
		5295A0E817E92B4300E2188A /* JRNavigationBar.h */ = {isa = PBXFileReference; fileEncoding = 4; lastKnownFileType = sourcecode.c.h; path = JRNavigationBar.h; sourceTree = "<group>"; };
		5295A0E917E92B4300E2188A /* JRNavigationBar.m */ = {isa = PBXFileReference; fileEncoding = 4; lastKnownFileType = sourcecode.c.objc; path = JRNavigationBar.m; sourceTree = "<group>"; };
		5295A0EB17E93E0800E2188A /* JRRoundedColorView.h */ = {isa = PBXFileReference; fileEncoding = 4; lastKnownFileType = sourcecode.c.h; path = JRRoundedColorView.h; sourceTree = "<group>"; };
		5295A0EC17E93E0800E2188A /* JRRoundedColorView.m */ = {isa = PBXFileReference; fileEncoding = 4; lastKnownFileType = sourcecode.c.objc; path = JRRoundedColorView.m; sourceTree = "<group>"; };
		5295A0EE17E944AA00E2188A /* JRSolidBGColorView.h */ = {isa = PBXFileReference; fileEncoding = 4; lastKnownFileType = sourcecode.c.h; path = JRSolidBGColorView.h; sourceTree = "<group>"; };
		5295A0EF17E944AA00E2188A /* JRSolidBGColorView.m */ = {isa = PBXFileReference; fileEncoding = 4; lastKnownFileType = sourcecode.c.objc; path = JRSolidBGColorView.m; sourceTree = "<group>"; };
		5295A0F217E9481000E2188A /* JRThemeManager.h */ = {isa = PBXFileReference; fileEncoding = 4; lastKnownFileType = sourcecode.c.h; path = JRThemeManager.h; sourceTree = "<group>"; };
		5295A0F317E9481000E2188A /* JRThemeManager.m */ = {isa = PBXFileReference; fileEncoding = 4; lastKnownFileType = sourcecode.c.objc; path = JRThemeManager.m; sourceTree = "<group>"; };
		5295A0F517E9481D00E2188A /* JRTheme.h */ = {isa = PBXFileReference; fileEncoding = 4; lastKnownFileType = sourcecode.c.h; path = JRTheme.h; sourceTree = "<group>"; };
		5295A0F617E9481D00E2188A /* JRTheme.m */ = {isa = PBXFileReference; fileEncoding = 4; lastKnownFileType = sourcecode.c.objc; path = JRTheme.m; sourceTree = "<group>"; };
		5295A0F817E95E5E00E2188A /* JRThemedViewController.h */ = {isa = PBXFileReference; fileEncoding = 4; lastKnownFileType = sourcecode.c.h; path = JRThemedViewController.h; sourceTree = "<group>"; };
		5295A0F917E95E5E00E2188A /* JRThemedViewController.m */ = {isa = PBXFileReference; fileEncoding = 4; lastKnownFileType = sourcecode.c.objc; path = JRThemedViewController.m; sourceTree = "<group>"; };
		5295A0FB17E95FC500E2188A /* JRNavigationController.h */ = {isa = PBXFileReference; fileEncoding = 4; lastKnownFileType = sourcecode.c.h; path = JRNavigationController.h; sourceTree = "<group>"; };
		5295A0FC17E95FC500E2188A /* JRNavigationController.m */ = {isa = PBXFileReference; fileEncoding = 4; lastKnownFileType = sourcecode.c.objc; path = JRNavigationController.m; sourceTree = "<group>"; };
		5295A0FE17E962A600E2188A /* JRThemedTableViewController.h */ = {isa = PBXFileReference; fileEncoding = 4; lastKnownFileType = sourcecode.c.h; path = JRThemedTableViewController.h; sourceTree = "<group>"; };
		5295A0FF17E962A600E2188A /* JRThemedTableViewController.m */ = {isa = PBXFileReference; fileEncoding = 4; lastKnownFileType = sourcecode.c.objc; path = JRThemedTableViewController.m; sourceTree = "<group>"; };
		52E2DA1B178CEADB00CF96C5 /* jTLC.app */ = {isa = PBXFileReference; explicitFileType = wrapper.application; includeInIndex = 0; path = jTLC.app; sourceTree = BUILT_PRODUCTS_DIR; };
		52E2DA1E178CEADB00CF96C5 /* Foundation.framework */ = {isa = PBXFileReference; lastKnownFileType = wrapper.framework; name = Foundation.framework; path = System/Library/Frameworks/Foundation.framework; sourceTree = SDKROOT; };
		52E2DA20178CEADB00CF96C5 /* CoreGraphics.framework */ = {isa = PBXFileReference; lastKnownFileType = wrapper.framework; name = CoreGraphics.framework; path = System/Library/Frameworks/CoreGraphics.framework; sourceTree = SDKROOT; };
		52E2DA22178CEADB00CF96C5 /* UIKit.framework */ = {isa = PBXFileReference; lastKnownFileType = wrapper.framework; name = UIKit.framework; path = System/Library/Frameworks/UIKit.framework; sourceTree = SDKROOT; };
		52E2DA26178CEADB00CF96C5 /* jTLC-Info.plist */ = {isa = PBXFileReference; lastKnownFileType = text.plist.xml; path = "jTLC-Info.plist"; sourceTree = "<group>"; };
		52E2DA28178CEADB00CF96C5 /* en */ = {isa = PBXFileReference; lastKnownFileType = text.plist.strings; name = en; path = en.lproj/InfoPlist.strings; sourceTree = "<group>"; };
		52E2DA2A178CEADB00CF96C5 /* main.m */ = {isa = PBXFileReference; lastKnownFileType = sourcecode.c.objc; path = main.m; sourceTree = "<group>"; };
		52E2DA2C178CEADB00CF96C5 /* jTLC-Prefix.pch */ = {isa = PBXFileReference; lastKnownFileType = sourcecode.c.h; path = "jTLC-Prefix.pch"; sourceTree = "<group>"; };
		52E2DA2D178CEADB00CF96C5 /* JRAppDelegate.h */ = {isa = PBXFileReference; lastKnownFileType = sourcecode.c.h; path = JRAppDelegate.h; sourceTree = "<group>"; };
		52E2DA2E178CEADB00CF96C5 /* JRAppDelegate.m */ = {isa = PBXFileReference; lastKnownFileType = sourcecode.c.objc; path = JRAppDelegate.m; sourceTree = "<group>"; };
		52E2DA39178CEADB00CF96C5 /* Images.xcassets */ = {isa = PBXFileReference; lastKnownFileType = folder.assetcatalog; path = Images.xcassets; sourceTree = "<group>"; };
		52E2DA40178CEADB00CF96C5 /* XCTest.framework */ = {isa = PBXFileReference; lastKnownFileType = wrapper.framework; name = XCTest.framework; path = Library/Frameworks/XCTest.framework; sourceTree = DEVELOPER_DIR; };
		52E2DA56178CEB1300CF96C5 /* TKSession.h */ = {isa = PBXFileReference; fileEncoding = 4; lastKnownFileType = sourcecode.c.h; path = TKSession.h; sourceTree = "<group>"; };
		52E2DA57178CEB1300CF96C5 /* TKSession.m */ = {isa = PBXFileReference; fileEncoding = 4; lastKnownFileType = sourcecode.c.objc; path = TKSession.m; sourceTree = "<group>"; };
		52E2DA58178CEB1300CF96C5 /* TKShift.h */ = {isa = PBXFileReference; fileEncoding = 4; lastKnownFileType = sourcecode.c.h; path = TKShift.h; sourceTree = "<group>"; };
		52E2DA59178CEB1300CF96C5 /* TKShift.m */ = {isa = PBXFileReference; fileEncoding = 4; lastKnownFileType = sourcecode.c.objc; path = TKShift.m; sourceTree = "<group>"; };
		52E2DA5A178CEB1300CF96C5 /* TKTimePeriod.h */ = {isa = PBXFileReference; fileEncoding = 4; lastKnownFileType = sourcecode.c.h; path = TKTimePeriod.h; sourceTree = "<group>"; };
		52E2DA5B178CEB1300CF96C5 /* TKTimePeriod.m */ = {isa = PBXFileReference; fileEncoding = 4; lastKnownFileType = sourcecode.c.objc; path = TKTimePeriod.m; sourceTree = "<group>"; };
		52E2DA5C178CEB1300CF96C5 /* TKEmployee.h */ = {isa = PBXFileReference; fileEncoding = 4; lastKnownFileType = sourcecode.c.h; path = TKEmployee.h; sourceTree = "<group>"; };
		52E2DA5D178CEB1300CF96C5 /* TKEmployee.m */ = {isa = PBXFileReference; fileEncoding = 4; lastKnownFileType = sourcecode.c.objc; path = TKEmployee.m; sourceTree = "<group>"; };
		52E2DA5E178CEB1300CF96C5 /* TKDepartment.h */ = {isa = PBXFileReference; fileEncoding = 4; lastKnownFileType = sourcecode.c.h; path = TKDepartment.h; sourceTree = "<group>"; };
		52E2DA5F178CEB1300CF96C5 /* TKDepartment.m */ = {isa = PBXFileReference; fileEncoding = 4; lastKnownFileType = sourcecode.c.objc; path = TKDepartment.m; sourceTree = "<group>"; };
		52E2DA60178CEB1300CF96C5 /* TKStore.h */ = {isa = PBXFileReference; fileEncoding = 4; lastKnownFileType = sourcecode.c.h; path = TKStore.h; sourceTree = "<group>"; };
		52E2DA61178CEB1300CF96C5 /* TKStore.m */ = {isa = PBXFileReference; fileEncoding = 4; lastKnownFileType = sourcecode.c.objc; path = TKStore.m; sourceTree = "<group>"; };
		52E2DA62178CEB1300CF96C5 /* TKConstants.h */ = {isa = PBXFileReference; fileEncoding = 4; lastKnownFileType = sourcecode.c.h; path = TKConstants.h; sourceTree = "<group>"; };
		52E2DA63178CEB1300CF96C5 /* TLCKit.h */ = {isa = PBXFileReference; fileEncoding = 4; lastKnownFileType = sourcecode.c.h; path = TLCKit.h; sourceTree = "<group>"; };
		52E2DA6B178CEB3F00CF96C5 /* TFHpple.h */ = {isa = PBXFileReference; fileEncoding = 4; lastKnownFileType = sourcecode.c.h; path = TFHpple.h; sourceTree = "<group>"; };
		52E2DA6C178CEB3F00CF96C5 /* TFHpple.m */ = {isa = PBXFileReference; fileEncoding = 4; lastKnownFileType = sourcecode.c.objc; path = TFHpple.m; sourceTree = "<group>"; };
		52E2DA6D178CEB3F00CF96C5 /* TFHppleElement.h */ = {isa = PBXFileReference; fileEncoding = 4; lastKnownFileType = sourcecode.c.h; path = TFHppleElement.h; sourceTree = "<group>"; };
		52E2DA6E178CEB3F00CF96C5 /* TFHppleElement.m */ = {isa = PBXFileReference; fileEncoding = 4; lastKnownFileType = sourcecode.c.objc; path = TFHppleElement.m; sourceTree = "<group>"; };
		52E2DA6F178CEB3F00CF96C5 /* XPathQuery.h */ = {isa = PBXFileReference; fileEncoding = 4; lastKnownFileType = sourcecode.c.h; path = XPathQuery.h; sourceTree = "<group>"; };
		52E2DA70178CEB3F00CF96C5 /* XPathQuery.m */ = {isa = PBXFileReference; fileEncoding = 4; lastKnownFileType = sourcecode.c.objc; path = XPathQuery.m; sourceTree = "<group>"; };
		52E2DA78178D058900CF96C5 /* libxml2.dylib */ = {isa = PBXFileReference; lastKnownFileType = "compiled.mach-o.dylib"; name = libxml2.dylib; path = usr/lib/libxml2.dylib; sourceTree = SDKROOT; };
		52F0078A17E8C3B600D444CF /* me.png */ = {isa = PBXFileReference; lastKnownFileType = image.png; path = me.png; sourceTree = "<group>"; };
		52F0078C17E8C5F100D444CF /* myfatface.png */ = {isa = PBXFileReference; lastKnownFileType = image.png; path = myfatface.png; sourceTree = "<group>"; };
		52F0078E17E8C98500D444CF /* twitter-bird-white-on-blue.png */ = {isa = PBXFileReference; lastKnownFileType = image.png; path = "twitter-bird-white-on-blue.png"; sourceTree = "<group>"; };
		52F0079017E8CA6F00D444CF /* GitHub.png */ = {isa = PBXFileReference; lastKnownFileType = image.png; path = GitHub.png; sourceTree = "<group>"; };
		52F0079217E8CED300D444CF /* AboutTheAppCell.xib */ = {isa = PBXFileReference; fileEncoding = 4; lastKnownFileType = file.xib; path = AboutTheAppCell.xib; sourceTree = "<group>"; };
		52F0079417E8D08800D444CF /* JRTextViewCell.h */ = {isa = PBXFileReference; fileEncoding = 4; lastKnownFileType = sourcecode.c.h; path = JRTextViewCell.h; sourceTree = "<group>"; };
		52F0079517E8D08800D444CF /* JRTextViewCell.m */ = {isa = PBXFileReference; fileEncoding = 4; lastKnownFileType = sourcecode.c.objc; path = JRTextViewCell.m; sourceTree = "<group>"; };
/* End PBXFileReference section */

/* Begin PBXFrameworksBuildPhase section */
		52854F0117E812FC00919635 /* Frameworks */ = {
			isa = PBXFrameworksBuildPhase;
			buildActionMask = 2147483647;
			files = (
				52854F1D17E816EB00919635 /* libxml2.dylib in Frameworks */,
				52854F1817E8147900919635 /* CoreFoundation.framework in Frameworks */,
				52854F0517E812FC00919635 /* Foundation.framework in Frameworks */,
			);
			runOnlyForDeploymentPostprocessing = 0;
		};
		52E2DA18178CEADB00CF96C5 /* Frameworks */ = {
			isa = PBXFrameworksBuildPhase;
			buildActionMask = 2147483647;
			files = (
				5223CD6E17E6941F00788660 /* Accelerate.framework in Frameworks */,
				52E2DA79178D058900CF96C5 /* libxml2.dylib in Frameworks */,
				523CD30417ADD6460073372B /* EventKit.framework in Frameworks */,
				52E2DA21178CEADB00CF96C5 /* CoreGraphics.framework in Frameworks */,
				52E2DA23178CEADB00CF96C5 /* UIKit.framework in Frameworks */,
				52E2DA1F178CEADB00CF96C5 /* Foundation.framework in Frameworks */,
			);
			runOnlyForDeploymentPostprocessing = 0;
		};
/* End PBXFrameworksBuildPhase section */

/* Begin PBXGroup section */
		521151D217E802AF0051ECEE /* Libraries */ = {
			isa = PBXGroup;
			children = (
				528F7D5617E8BF4800025ADC /* UIimage-RoundedImage */,
				52854F2017E8202400919635 /* AFNetworking */,
				5223CDC517E6BBBD00788660 /* SVProgressHUD */,
				5223CD8B17E6B1D400788660 /* iOS-RealTimeBlur */,
				52E2DA6A178CEB1A00CF96C5 /* TLC Framework */,
				52E2DA74178CEB4300CF96C5 /* TFHpple */,
			);
			name = Libraries;
			sourceTree = "<group>";
		};
		521151D417E802C20051ECEE /* User Interface */ = {
			isa = PBXGroup;
			children = (
				5295A0E717E92B3500E2188A /* Custom Stuff */,
				524BAF6D17E76F400044BDC7 /* JRColorTheme.h */,
				524BAF6E17E76F400044BDC7 /* JRColorTheme.m */,
				5223CDCD17E6CC0B00788660 /* Shift Detail View */,
				5223CDCC17E6CBCF00788660 /* Schedule View */,
				528F7D4E17E8B85000025ADC /* About View */,
				5223CD8417E6A48F00788660 /* Log In View */,
			);
			name = "User Interface";
			sourceTree = "<group>";
		};
		521151D517E802CE0051ECEE /* Controllers & Logic */ = {
			isa = PBXGroup;
			children = (
				52E2DA2D178CEADB00CF96C5 /* JRAppDelegate.h */,
				52E2DA2E178CEADB00CF96C5 /* JRAppDelegate.m */,
				5223CDBC17E6B2D000788660 /* JRMasterController.h */,
				5223CDBD17E6B2D000788660 /* JRMasterController.m */,
			);
			name = "Controllers & Logic";
			sourceTree = "<group>";
		};
		5223CD8417E6A48F00788660 /* Log In View */ = {
			isa = PBXGroup;
			children = (
				5223CD7717E69A9800788660 /* JRLoginTableViewController.h */,
				5223CD7817E69A9800788660 /* JRLoginTableViewController.m */,
				5223CD7F17E69C2200788660 /* JRTextCell.h */,
				5223CD8017E69C2200788660 /* JRTextCell.m */,
				5223CD7A17E69AF100788660 /* TextCell.xib */,
				5223CD7C17E69BBF00788660 /* JRLightPlaceholderTextField.h */,
				5223CD7D17E69BBF00788660 /* JRLightPlaceholderTextField.m */,
			);
			name = "Log In View";
			sourceTree = "<group>";
		};
		5223CD8B17E6B1D400788660 /* iOS-RealTimeBlur */ = {
			isa = PBXGroup;
			children = (
				5223CD8C17E6B1D400788660 /* DRNRealTimeBlurView.h */,
				5223CD8D17E6B1D400788660 /* DRNRealTimeBlurView.m */,
				5223CD8E17E6B1D400788660 /* UIImage+BoxBlur.h */,
				5223CD8F17E6B1D400788660 /* UIImage+BoxBlur.m */,
			);
			name = "iOS-RealTimeBlur";
			path = "../ios-realtimeblur/RealTimeBlur/Classes";
			sourceTree = "<group>";
		};
		5223CDB817E6B27F00788660 /* Categories */ = {
			isa = PBXGroup;
			children = (
				5223CDBA17E6B29A00788660 /* UINavigationController+StatusBar.m */,
				5295A0E117E8F72F00E2188A /* UINavigationBar+BigBar.h */,
				5295A0E217E8F72F00E2188A /* UINavigationBar+BigBar.m */,
			);
			name = Categories;
			sourceTree = "<group>";
		};
		5223CDC517E6BBBD00788660 /* SVProgressHUD */ = {
			isa = PBXGroup;
			children = (
				5223CDC617E6BBBD00788660 /* SVProgressHUD-Prefix.pch */,
				5223CDC717E6BBBD00788660 /* SVProgressHUD.bundle */,
				5223CDC817E6BBBD00788660 /* SVProgressHUD.h */,
				5223CDC917E6BBBD00788660 /* SVProgressHUD.m */,
			);
			name = SVProgressHUD;
			path = SVProgressHUD/SVProgressHUD;
			sourceTree = "<group>";
		};
		5223CDCC17E6CBCF00788660 /* Schedule View */ = {
			isa = PBXGroup;
			children = (
				528F7D4C17E8B4B200025ADC /* ShiftCell.xib */,
				5295A0D617E8DD1200E2188A /* JRScheduleTableViewController.h */,
				5295A0D717E8DD1200E2188A /* JRScheduleTableViewController.m */,
				5295A0EB17E93E0800E2188A /* JRRoundedColorView.h */,
				5295A0EC17E93E0800E2188A /* JRRoundedColorView.m */,
			);
			name = "Schedule View";
			sourceTree = "<group>";
		};
		5223CDCD17E6CC0B00788660 /* Shift Detail View */ = {
			isa = PBXGroup;
			children = (
			);
			name = "Shift Detail View";
			sourceTree = "<group>";
		};
		523C70FD17EA6030001EFFCE /* UI v2 */ = {
			isa = PBXGroup;
			children = (
				5290B06B17EA9E7D00A2A511 /* Themes */,
				523C710B17EA73D1001EFFCE /* Custom Views */,
				523C710517EA6252001EFFCE /* View Controllers */,
				523C710A17EA630A001EFFCE /* Misc */,
				523C710117EA61B1001EFFCE /* Table Cells */,
				523C70FE17EA6049001EFFCE /* Nibs */,
			);
			name = "UI v2";
			sourceTree = "<group>";
		};
		523C70FE17EA6049001EFFCE /* Nibs */ = {
			isa = PBXGroup;
			children = (
				523C70FF17EA608B001EFFCE /* JRTextFieldCell.xib */,
			);
			name = Nibs;
			sourceTree = "<group>";
		};
		523C710117EA61B1001EFFCE /* Table Cells */ = {
			isa = PBXGroup;
			children = (
				523C710217EA61C8001EFFCE /* JRTextFieldCell.h */,
				523C710317EA61C8001EFFCE /* JRTextFieldCell.m */,
			);
			name = "Table Cells";
			sourceTree = "<group>";
		};
		523C710517EA6252001EFFCE /* View Controllers */ = {
			isa = PBXGroup;
			children = (
				523C710617EA625B001EFFCE /* Login */,
				5295A0E017E8F5A700E2188A /* Employee Detail */,
			);
			name = "View Controllers";
			sourceTree = "<group>";
		};
		523C710617EA625B001EFFCE /* Login */ = {
			isa = PBXGroup;
			children = (
				523C710717EA62A4001EFFCE /* JRLoginViewController.h */,
				523C710817EA62A4001EFFCE /* JRLoginViewController.m */,
			);
			name = Login;
			sourceTree = "<group>";
		};
		523C710A17EA630A001EFFCE /* Misc */ = {
			isa = PBXGroup;
			children = (
				523C70FA17EA55A7001EFFCE /* JRInterfaceTheme.h */,
				523C70FB17EA55A7001EFFCE /* JRInterfaceTheme.m */,
			);
			name = Misc;
			sourceTree = "<group>";
		};
		523C710B17EA73D1001EFFCE /* Custom Views */ = {
			isa = PBXGroup;
			children = (
				523C710C17EA73EB001EFFCE /* JRColorCircleView.h */,
				523C710D17EA73EB001EFFCE /* JRColorCircleView.m */,
			);
			name = "Custom Views";
			sourceTree = "<group>";
		};
		52854F0617E812FC00919635 /* TLCFrameworkTests */ = {
			isa = PBXGroup;
			children = (
				52854F0717E812FC00919635 /* main.m */,
				52854F0917E812FC00919635 /* Supporting Files */,
			);
			path = TLCFrameworkTests;
			sourceTree = "<group>";
		};
		52854F0917E812FC00919635 /* Supporting Files */ = {
			isa = PBXGroup;
			children = (
				52854F0A17E812FC00919635 /* TLCFrameworkTests-Prefix.pch */,
			);
			name = "Supporting Files";
			sourceTree = "<group>";
		};
		52854F2017E8202400919635 /* AFNetworking */ = {
			isa = PBXGroup;
			children = (
				52854F2117E8202400919635 /* AFHTTPClient.h */,
				52854F2217E8202400919635 /* AFHTTPClient.m */,
				52854F2317E8202400919635 /* AFHTTPRequestOperation.h */,
				52854F2417E8202400919635 /* AFHTTPRequestOperation.m */,
				52854F2517E8202400919635 /* AFImageRequestOperation.h */,
				52854F2617E8202400919635 /* AFImageRequestOperation.m */,
				52854F2717E8202400919635 /* AFJSONRequestOperation.h */,
				52854F2817E8202400919635 /* AFJSONRequestOperation.m */,
				52854F2917E8202400919635 /* AFNetworkActivityIndicatorManager.h */,
				52854F2A17E8202400919635 /* AFNetworkActivityIndicatorManager.m */,
				52854F2B17E8202400919635 /* AFNetworking.h */,
				52854F2C17E8202400919635 /* AFPropertyListRequestOperation.h */,
				52854F2D17E8202400919635 /* AFPropertyListRequestOperation.m */,
				52854F2E17E8202400919635 /* AFURLConnectionOperation.h */,
				52854F2F17E8202400919635 /* AFURLConnectionOperation.m */,
				52854F3017E8202400919635 /* AFXMLRequestOperation.h */,
				52854F3117E8202400919635 /* AFXMLRequestOperation.m */,
				52854F3217E8202400919635 /* UIImageView+AFNetworking.h */,
				52854F3317E8202400919635 /* UIImageView+AFNetworking.m */,
			);
			name = AFNetworking;
			path = AFNetworking/AFNetworking;
			sourceTree = "<group>";
		};
		528F7D4E17E8B85000025ADC /* About View */ = {
			isa = PBXGroup;
			children = (
				52F0079717E8D49700D444CF /* Images */,
				5295A0D517E8D72E00E2188A /* Cells */,
				5295A0DD17E8EC6200E2188A /* JRColorRingImageView.h */,
				5295A0DE17E8EC6200E2188A /* JRColorRingImageView.m */,
				5295A0EE17E944AA00E2188A /* JRSolidBGColorView.h */,
				5295A0EF17E944AA00E2188A /* JRSolidBGColorView.m */,
				528F7D5117E8B8E800025ADC /* JRAboutViewController.h */,
				528F7D5217E8B8E800025ADC /* JRAboutViewController.m */,
			);
			name = "About View";
			sourceTree = "<group>";
		};
		528F7D5617E8BF4800025ADC /* UIimage-RoundedImage */ = {
			isa = PBXGroup;
			children = (
				528F7D5717E8BF4800025ADC /* README.md */,
				528F7D5817E8BF4800025ADC /* UIImage+RoundedImage.h */,
				528F7D5917E8BF4800025ADC /* UIImage+RoundedImage.m */,
			);
			path = "UIimage-RoundedImage";
			sourceTree = "<group>";
		};
		5290B06B17EA9E7D00A2A511 /* Themes */ = {
			isa = PBXGroup;
			children = (
				5290B06917EA9E7800A2A511 /* JRDarkTheme.tlctheme */,
			);
			name = Themes;
			sourceTree = "<group>";
		};
		5295A0D517E8D72E00E2188A /* Cells */ = {
			isa = PBXGroup;
			children = (
				5295A0D017E8D5CD00E2188A /* ProperImageCell.xib */,
				52F0079217E8CED300D444CF /* AboutTheAppCell.xib */,
				528F7D5417E8B8F600025ADC /* AboutCell.xib */,
				528F7D5C17E8BF6F00025ADC /* JRAboutMeCell.h */,
				528F7D5D17E8BF6F00025ADC /* JRAboutMeCell.m */,
				52F0079417E8D08800D444CF /* JRTextViewCell.h */,
				52F0079517E8D08800D444CF /* JRTextViewCell.m */,
				5295A0D217E8D66F00E2188A /* JRProperImageCell.h */,
				5295A0D317E8D66F00E2188A /* JRProperImageCell.m */,
			);
			name = Cells;
			sourceTree = "<group>";
		};
		5295A0E017E8F5A700E2188A /* Employee Detail */ = {
			isa = PBXGroup;
			children = (
				5295A0E417E8F89000E2188A /* JREmployeeDetailViewController.h */,
				5295A0E517E8F89000E2188A /* JREmployeeDetailViewController.m */,
			);
			name = "Employee Detail";
			sourceTree = "<group>";
		};
		5295A0E717E92B3500E2188A /* Custom Stuff */ = {
			isa = PBXGroup;
			children = (
			);
			name = "Custom Stuff";
			sourceTree = "<group>";
		};
		5295A0F117E947FE00E2188A /* Custom UI Framework */ = {
			isa = PBXGroup;
			children = (
				5295A0F217E9481000E2188A /* JRThemeManager.h */,
				5295A0F317E9481000E2188A /* JRThemeManager.m */,
				5295A0F517E9481D00E2188A /* JRTheme.h */,
				5295A0F617E9481D00E2188A /* JRTheme.m */,
				5295A0E817E92B4300E2188A /* JRNavigationBar.h */,
				5295A0E917E92B4300E2188A /* JRNavigationBar.m */,
				5295A0F817E95E5E00E2188A /* JRThemedViewController.h */,
				5295A0F917E95E5E00E2188A /* JRThemedViewController.m */,
				5295A0FE17E962A600E2188A /* JRThemedTableViewController.h */,
				5295A0FF17E962A600E2188A /* JRThemedTableViewController.m */,
				5295A0FB17E95FC500E2188A /* JRNavigationController.h */,
				5295A0FC17E95FC500E2188A /* JRNavigationController.m */,
			);
			name = "Custom UI Framework";
			sourceTree = "<group>";
		};
		52E2DA12178CEADB00CF96C5 = {
			isa = PBXGroup;
			children = (
				52E2DA24178CEADB00CF96C5 /* jTLC */,
				52854F0617E812FC00919635 /* TLCFrameworkTests */,
				52E2DA1D178CEADB00CF96C5 /* Frameworks */,
				52E2DA1C178CEADB00CF96C5 /* Products */,
			);
			sourceTree = "<group>";
		};
		52E2DA1C178CEADB00CF96C5 /* Products */ = {
			isa = PBXGroup;
			children = (
				52E2DA1B178CEADB00CF96C5 /* jTLC.app */,
				52854F0417E812FC00919635 /* TLCFrameworkTests */,
			);
			name = Products;
			sourceTree = "<group>";
		};
		52E2DA1D178CEADB00CF96C5 /* Frameworks */ = {
			isa = PBXGroup;
			children = (
				52854F1C17E816EB00919635 /* libxml2.dylib */,
				52854F1717E8147900919635 /* CoreFoundation.framework */,
				5223CD6D17E6941F00788660 /* Accelerate.framework */,
				523CD30317ADD6460073372B /* EventKit.framework */,
				52E2DA78178D058900CF96C5 /* libxml2.dylib */,
				52E2DA1E178CEADB00CF96C5 /* Foundation.framework */,
				52E2DA20178CEADB00CF96C5 /* CoreGraphics.framework */,
				52E2DA22178CEADB00CF96C5 /* UIKit.framework */,
				52E2DA40178CEADB00CF96C5 /* XCTest.framework */,
			);
			name = Frameworks;
			sourceTree = "<group>";
		};
		52E2DA24178CEADB00CF96C5 /* jTLC */ = {
			isa = PBXGroup;
			children = (
				5295A0F117E947FE00E2188A /* Custom UI Framework */,
				521151D217E802AF0051ECEE /* Libraries */,
				5223CDB817E6B27F00788660 /* Categories */,
				521151D417E802C20051ECEE /* User Interface */,
				523C70FD17EA6030001EFFCE /* UI v2 */,
				521151D517E802CE0051ECEE /* Controllers & Logic */,
				5223CDC417E6B99300788660 /* GJB.h */,
				52E2DA39178CEADB00CF96C5 /* Images.xcassets */,
				52E2DA25178CEADB00CF96C5 /* Supporting Files */,
			);
			path = jTLC;
			sourceTree = "<group>";
		};
		52E2DA25178CEADB00CF96C5 /* Supporting Files */ = {
			isa = PBXGroup;
			children = (
				52E2DA26178CEADB00CF96C5 /* jTLC-Info.plist */,
				52E2DA27178CEADB00CF96C5 /* InfoPlist.strings */,
				52E2DA2A178CEADB00CF96C5 /* main.m */,
				52E2DA2C178CEADB00CF96C5 /* jTLC-Prefix.pch */,
			);
			name = "Supporting Files";
			sourceTree = "<group>";
		};
		52E2DA6A178CEB1A00CF96C5 /* TLC Framework */ = {
			isa = PBXGroup;
			children = (
				52E2DA56178CEB1300CF96C5 /* TKSession.h */,
				52E2DA57178CEB1300CF96C5 /* TKSession.m */,
				52E2DA58178CEB1300CF96C5 /* TKShift.h */,
				52E2DA59178CEB1300CF96C5 /* TKShift.m */,
				52E2DA5A178CEB1300CF96C5 /* TKTimePeriod.h */,
				52E2DA5B178CEB1300CF96C5 /* TKTimePeriod.m */,
				52E2DA5C178CEB1300CF96C5 /* TKEmployee.h */,
				52E2DA5D178CEB1300CF96C5 /* TKEmployee.m */,
				52E2DA5E178CEB1300CF96C5 /* TKDepartment.h */,
				52E2DA5F178CEB1300CF96C5 /* TKDepartment.m */,
				52E2DA60178CEB1300CF96C5 /* TKStore.h */,
				52E2DA61178CEB1300CF96C5 /* TKStore.m */,
				52E2DA62178CEB1300CF96C5 /* TKConstants.h */,
				52E2DA63178CEB1300CF96C5 /* TLCKit.h */,
			);
			name = "TLC Framework";
			sourceTree = "<group>";
		};
		52E2DA74178CEB4300CF96C5 /* TFHpple */ = {
			isa = PBXGroup;
			children = (
				52E2DA6B178CEB3F00CF96C5 /* TFHpple.h */,
				52E2DA6C178CEB3F00CF96C5 /* TFHpple.m */,
				52E2DA6D178CEB3F00CF96C5 /* TFHppleElement.h */,
				52E2DA6E178CEB3F00CF96C5 /* TFHppleElement.m */,
				52E2DA6F178CEB3F00CF96C5 /* XPathQuery.h */,
				52E2DA70178CEB3F00CF96C5 /* XPathQuery.m */,
			);
			name = TFHpple;
			sourceTree = "<group>";
		};
		52F0079717E8D49700D444CF /* Images */ = {
			isa = PBXGroup;
			children = (
				52F0078E17E8C98500D444CF /* twitter-bird-white-on-blue.png */,
				52F0079017E8CA6F00D444CF /* GitHub.png */,
				52F0078C17E8C5F100D444CF /* myfatface.png */,
				52F0078A17E8C3B600D444CF /* me.png */,
			);
			name = Images;
			sourceTree = "<group>";
		};
/* End PBXGroup section */

/* Begin PBXNativeTarget section */
		52854F0317E812FC00919635 /* TLCFrameworkTests */ = {
			isa = PBXNativeTarget;
			buildConfigurationList = 52854F1017E812FC00919635 /* Build configuration list for PBXNativeTarget "TLCFrameworkTests" */;
			buildPhases = (
				52854F0017E812FC00919635 /* Sources */,
				52854F0117E812FC00919635 /* Frameworks */,
				52854F0217E812FC00919635 /* CopyFiles */,
			);
			buildRules = (
			);
			dependencies = (
			);
			name = TLCFrameworkTests;
			productName = TLCFrameworkTests;
			productReference = 52854F0417E812FC00919635 /* TLCFrameworkTests */;
			productType = "com.apple.product-type.tool";
		};
		52E2DA1A178CEADB00CF96C5 /* jTLC */ = {
			isa = PBXNativeTarget;
			buildConfigurationList = 52E2DA50178CEADB00CF96C5 /* Build configuration list for PBXNativeTarget "jTLC" */;
			buildPhases = (
				52E2DA17178CEADB00CF96C5 /* Sources */,
				52E2DA18178CEADB00CF96C5 /* Frameworks */,
				52E2DA19178CEADB00CF96C5 /* Resources */,
			);
			buildRules = (
			);
			dependencies = (
			);
			name = jTLC;
			productName = jTLC;
			productReference = 52E2DA1B178CEADB00CF96C5 /* jTLC.app */;
			productType = "com.apple.product-type.application";
		};
/* End PBXNativeTarget section */

/* Begin PBXProject section */
		52E2DA13178CEADB00CF96C5 /* Project object */ = {
			isa = PBXProject;
			attributes = {
				CLASSPREFIX = JR;
				LastUpgradeCheck = 0500;
				ORGANIZATIONNAME = "John Heaton";
				TargetAttributes = {
					52E2DA1A178CEADB00CF96C5 = {
						SystemCapabilities = {
							com.apple.BackgroundModes = {
								enabled = 0;
							};
						};
					};
				};
			};
			buildConfigurationList = 52E2DA16178CEADB00CF96C5 /* Build configuration list for PBXProject "jTLC" */;
			compatibilityVersion = "Xcode 3.2";
			developmentRegion = English;
			hasScannedForEncodings = 0;
			knownRegions = (
				en,
				Base,
			);
			mainGroup = 52E2DA12178CEADB00CF96C5;
			productRefGroup = 52E2DA1C178CEADB00CF96C5 /* Products */;
			projectDirPath = "";
			projectRoot = "";
			targets = (
				52E2DA1A178CEADB00CF96C5 /* jTLC */,
				52854F0317E812FC00919635 /* TLCFrameworkTests */,
			);
		};
/* End PBXProject section */

/* Begin PBXResourcesBuildPhase section */
		52E2DA19178CEADB00CF96C5 /* Resources */ = {
			isa = PBXResourcesBuildPhase;
			buildActionMask = 2147483647;
			files = (
				52E2DA3A178CEADB00CF96C5 /* Images.xcassets in Resources */,
				5290B06A17EA9E7800A2A511 /* JRDarkTheme.tlctheme in Resources */,
				52E2DA29178CEADB00CF96C5 /* InfoPlist.strings in Resources */,
				5295A0D117E8D5CD00E2188A /* ProperImageCell.xib in Resources */,
				523C710017EA608B001EFFCE /* JRTextFieldCell.xib in Resources */,
				528F7D4D17E8B4B200025ADC /* ShiftCell.xib in Resources */,
				52F0079117E8CA6F00D444CF /* GitHub.png in Resources */,
				528F7D5A17E8BF4800025ADC /* README.md in Resources */,
				52F0079317E8CED300D444CF /* AboutTheAppCell.xib in Resources */,
				52F0078B17E8C3B600D444CF /* me.png in Resources */,
				52F0078F17E8C98500D444CF /* twitter-bird-white-on-blue.png in Resources */,
				528F7D5517E8B8F600025ADC /* AboutCell.xib in Resources */,
				5223CD7B17E69AF100788660 /* TextCell.xib in Resources */,
				5223CDCA17E6BBBD00788660 /* SVProgressHUD.bundle in Resources */,
				52F0078D17E8C5F100D444CF /* myfatface.png in Resources */,
			);
			runOnlyForDeploymentPostprocessing = 0;
		};
/* End PBXResourcesBuildPhase section */

/* Begin PBXSourcesBuildPhase section */
		52854F0017E812FC00919635 /* Sources */ = {
			isa = PBXSourcesBuildPhase;
			buildActionMask = 2147483647;
			files = (
				52854F0817E812FC00919635 /* main.m in Sources */,
				52854F1117E8132B00919635 /* TKStore.m in Sources */,
				52854F1917E816D800919635 /* TFHpple.m in Sources */,
				52854F1517E8133400919635 /* TKShift.m in Sources */,
				52854F1617E8133600919635 /* TKSession.m in Sources */,
				52854F1A17E816DA00919635 /* TFHppleElement.m in Sources */,
				52854F1417E8133300919635 /* TKTimePeriod.m in Sources */,
				52854F1B17E816DB00919635 /* XPathQuery.m in Sources */,
				52854F1317E8133100919635 /* TKEmployee.m in Sources */,
				52854F1217E8132E00919635 /* TKDepartment.m in Sources */,
			);
			runOnlyForDeploymentPostprocessing = 0;
		};
		52E2DA17178CEADB00CF96C5 /* Sources */ = {
			isa = PBXSourcesBuildPhase;
			buildActionMask = 2147483647;
			files = (
				5223CD7917E69A9800788660 /* JRLoginTableViewController.m in Sources */,
				5295A0FA17E95E5E00E2188A /* JRThemedViewController.m in Sources */,
				5223CD8117E69C2200788660 /* JRTextCell.m in Sources */,
				5295A0FD17E95FC500E2188A /* JRNavigationController.m in Sources */,
				5223CDBE17E6B2D000788660 /* JRMasterController.m in Sources */,
				5295A0F417E9481000E2188A /* JRThemeManager.m in Sources */,
				52854F3A17E8202400919635 /* AFURLConnectionOperation.m in Sources */,
				5295A0F017E944AA00E2188A /* JRSolidBGColorView.m in Sources */,
				5295A10017E962A600E2188A /* JRThemedTableViewController.m in Sources */,
				52854F3B17E8202400919635 /* AFXMLRequestOperation.m in Sources */,
				528F7D5B17E8BF4800025ADC /* UIImage+RoundedImage.m in Sources */,
				52E2DA65178CEB1300CF96C5 /* TKShift.m in Sources */,
				52F0079617E8D08800D444CF /* JRTextViewCell.m in Sources */,
				52E2DA2F178CEADB00CF96C5 /* JRAppDelegate.m in Sources */,
				52E2DA66178CEB1300CF96C5 /* TKTimePeriod.m in Sources */,
				52E2DA64178CEB1300CF96C5 /* TKSession.m in Sources */,
				523C70FC17EA55A7001EFFCE /* JRInterfaceTheme.m in Sources */,
				52854F3C17E8202400919635 /* UIImageView+AFNetworking.m in Sources */,
				5223CDCB17E6BBBD00788660 /* SVProgressHUD.m in Sources */,
				523C710917EA62A4001EFFCE /* JRLoginViewController.m in Sources */,
				52E2DA69178CEB1300CF96C5 /* TKStore.m in Sources */,
				5295A0DF17E8EC6200E2188A /* JRColorRingImageView.m in Sources */,
				5295A0D817E8DD1200E2188A /* JRScheduleTableViewController.m in Sources */,
				52E2DA71178CEB3F00CF96C5 /* TFHpple.m in Sources */,
				5295A0D417E8D66F00E2188A /* JRProperImageCell.m in Sources */,
				52854F3817E8202400919635 /* AFNetworkActivityIndicatorManager.m in Sources */,
				5223CDA817E6B1D400788660 /* DRNRealTimeBlurView.m in Sources */,
				5295A0E617E8F89000E2188A /* JREmployeeDetailViewController.m in Sources */,
				52854F3717E8202400919635 /* AFJSONRequestOperation.m in Sources */,
				528F7D5317E8B8E800025ADC /* JRAboutViewController.m in Sources */,
				5223CDA917E6B1D400788660 /* UIImage+BoxBlur.m in Sources */,
				5295A0EA17E92B4300E2188A /* JRNavigationBar.m in Sources */,
				528F7D5E17E8BF6F00025ADC /* JRAboutMeCell.m in Sources */,
				524BAF6F17E76F400044BDC7 /* JRColorTheme.m in Sources */,
				523C710417EA61C8001EFFCE /* JRTextFieldCell.m in Sources */,
				5223CDBB17E6B29A00788660 /* UINavigationController+StatusBar.m in Sources */,
				52854F3917E8202400919635 /* AFPropertyListRequestOperation.m in Sources */,
				52E2DA68178CEB1300CF96C5 /* TKDepartment.m in Sources */,
				5295A0ED17E93E0800E2188A /* JRRoundedColorView.m in Sources */,
				52E2DA2B178CEADB00CF96C5 /* main.m in Sources */,
				5295A0E317E8F72F00E2188A /* UINavigationBar+BigBar.m in Sources */,
				52E2DA67178CEB1300CF96C5 /* TKEmployee.m in Sources */,
				5223CD7E17E69BBF00788660 /* JRLightPlaceholderTextField.m in Sources */,
				5295A0F717E9481D00E2188A /* JRTheme.m in Sources */,
				52E2DA73178CEB3F00CF96C5 /* XPathQuery.m in Sources */,
				52854F3617E8202400919635 /* AFImageRequestOperation.m in Sources */,
				523C710E17EA73EB001EFFCE /* JRColorCircleView.m in Sources */,
				52854F3517E8202400919635 /* AFHTTPRequestOperation.m in Sources */,
				52E2DA72178CEB3F00CF96C5 /* TFHppleElement.m in Sources */,
				52854F3417E8202400919635 /* AFHTTPClient.m in Sources */,
			);
			runOnlyForDeploymentPostprocessing = 0;
		};
/* End PBXSourcesBuildPhase section */

/* Begin PBXVariantGroup section */
		52E2DA27178CEADB00CF96C5 /* InfoPlist.strings */ = {
			isa = PBXVariantGroup;
			children = (
				52E2DA28178CEADB00CF96C5 /* en */,
			);
			name = InfoPlist.strings;
			sourceTree = "<group>";
		};
/* End PBXVariantGroup section */

/* Begin XCBuildConfiguration section */
		52854F0D17E812FC00919635 /* Debug */ = {
			isa = XCBuildConfiguration;
			buildSettings = {
				GCC_ENABLE_OBJC_EXCEPTIONS = YES;
				GCC_PRECOMPILE_PREFIX_HEADER = YES;
				GCC_PREFIX_HEADER = "TLCFrameworkTests/TLCFrameworkTests-Prefix.pch";
				GCC_PREPROCESSOR_DEFINITIONS = (
					"DEBUG=1",
					"$(inherited)",
				);
				GCC_WARN_64_TO_32_BIT_CONVERSION = YES;
				HEADER_SEARCH_PATHS = (
					"$(inherited)",
					/Applications/Xcode.app/Contents/Developer/Toolchains/XcodeDefault.xctoolchain/usr/include,
					/usr/include/libxml2,
				);
				MACOSX_DEPLOYMENT_TARGET = 10.8;
				PRODUCT_NAME = "$(TARGET_NAME)";
				SDKROOT = macosx;
			};
			name = Debug;
		};
		52854F0E17E812FC00919635 /* Release */ = {
			isa = XCBuildConfiguration;
			buildSettings = {
				DEBUG_INFORMATION_FORMAT = "dwarf-with-dsym";
				GCC_ENABLE_OBJC_EXCEPTIONS = YES;
				GCC_PRECOMPILE_PREFIX_HEADER = YES;
				GCC_PREFIX_HEADER = "TLCFrameworkTests/TLCFrameworkTests-Prefix.pch";
				GCC_WARN_64_TO_32_BIT_CONVERSION = YES;
				HEADER_SEARCH_PATHS = (
					"$(inherited)",
					/Applications/Xcode.app/Contents/Developer/Toolchains/XcodeDefault.xctoolchain/usr/include,
					/usr/include/libxml2,
				);
				MACOSX_DEPLOYMENT_TARGET = 10.8;
				PRODUCT_NAME = "$(TARGET_NAME)";
				SDKROOT = macosx;
			};
			name = Release;
		};
		52E2DA4E178CEADB00CF96C5 /* Debug */ = {
			isa = XCBuildConfiguration;
			buildSettings = {
				ALWAYS_SEARCH_USER_PATHS = NO;
				CLANG_CXX_LANGUAGE_STANDARD = "gnu++0x";
				CLANG_CXX_LIBRARY = "libc++";
				CLANG_ENABLE_MODULES = YES;
				CLANG_ENABLE_OBJC_ARC = YES;
				CLANG_WARN_BOOL_CONVERSION = YES;
				CLANG_WARN_CONSTANT_CONVERSION = YES;
				CLANG_WARN_DIRECT_OBJC_ISA_USAGE = YES_ERROR;
				CLANG_WARN_EMPTY_BODY = YES;
				CLANG_WARN_ENUM_CONVERSION = YES;
				CLANG_WARN_INT_CONVERSION = YES;
				CLANG_WARN_OBJC_ROOT_CLASS = YES_ERROR;
				CLANG_WARN__DUPLICATE_METHOD_MATCH = YES;
				"CODE_SIGN_IDENTITY[sdk=iphoneos*]" = "iPhone Developer";
				COPY_PHASE_STRIP = NO;
				GCC_C_LANGUAGE_STANDARD = gnu99;
				GCC_DYNAMIC_NO_PIC = NO;
				GCC_OPTIMIZATION_LEVEL = 0;
				GCC_PREPROCESSOR_DEFINITIONS = (
					"DEBUG=1",
					"$(inherited)",
				);
				GCC_SYMBOLS_PRIVATE_EXTERN = NO;
				GCC_WARN_ABOUT_RETURN_TYPE = YES_ERROR;
				GCC_WARN_UNDECLARED_SELECTOR = YES;
				GCC_WARN_UNINITIALIZED_AUTOS = YES;
				GCC_WARN_UNUSED_FUNCTION = YES;
				GCC_WARN_UNUSED_VARIABLE = YES;
				IBC_NOTICES = YES;
				IBC_WARNINGS = NO;
				IPHONEOS_DEPLOYMENT_TARGET = 7.0;
				ONLY_ACTIVE_ARCH = YES;
				SDKROOT = iphoneos;
				TARGETED_DEVICE_FAMILY = "1,2";
			};
			name = Debug;
		};
		52E2DA4F178CEADB00CF96C5 /* Release */ = {
			isa = XCBuildConfiguration;
			buildSettings = {
				ALWAYS_SEARCH_USER_PATHS = NO;
				CLANG_CXX_LANGUAGE_STANDARD = "gnu++0x";
				CLANG_CXX_LIBRARY = "libc++";
				CLANG_ENABLE_MODULES = YES;
				CLANG_ENABLE_OBJC_ARC = YES;
				CLANG_WARN_BOOL_CONVERSION = YES;
				CLANG_WARN_CONSTANT_CONVERSION = YES;
				CLANG_WARN_DIRECT_OBJC_ISA_USAGE = YES_ERROR;
				CLANG_WARN_EMPTY_BODY = YES;
				CLANG_WARN_ENUM_CONVERSION = YES;
				CLANG_WARN_INT_CONVERSION = YES;
				CLANG_WARN_OBJC_ROOT_CLASS = YES_ERROR;
				CLANG_WARN__DUPLICATE_METHOD_MATCH = YES;
				"CODE_SIGN_IDENTITY[sdk=iphoneos*]" = "iPhone Developer";
				COPY_PHASE_STRIP = YES;
				ENABLE_NS_ASSERTIONS = NO;
				GCC_C_LANGUAGE_STANDARD = gnu99;
				GCC_WARN_ABOUT_RETURN_TYPE = YES_ERROR;
				GCC_WARN_UNDECLARED_SELECTOR = YES;
				GCC_WARN_UNINITIALIZED_AUTOS = YES;
				GCC_WARN_UNUSED_FUNCTION = YES;
				GCC_WARN_UNUSED_VARIABLE = YES;
				IBC_NOTICES = YES;
				IBC_WARNINGS = NO;
				IPHONEOS_DEPLOYMENT_TARGET = 7.0;
				SDKROOT = iphoneos;
				TARGETED_DEVICE_FAMILY = "1,2";
				VALIDATE_PRODUCT = YES;
			};
			name = Release;
		};
		52E2DA51178CEADB00CF96C5 /* Debug */ = {
			isa = XCBuildConfiguration;
			buildSettings = {
				ASSETCATALOG_COMPILER_APPICON_NAME = AppIcon;
				ASSETCATALOG_COMPILER_LAUNCHIMAGE_NAME = LaunchImage;
				GCC_PRECOMPILE_PREFIX_HEADER = YES;
				GCC_PREFIX_HEADER = "jTLC/jTLC-Prefix.pch";
				HEADER_SEARCH_PATHS = /usr/include/libxml2;
				INFOPLIST_FILE = "jTLC/jTLC-Info.plist";
				IPHONEOS_DEPLOYMENT_TARGET = 7.0;
				OTHER_CFLAGS = "-DGJB_DEBUG";
				PRODUCT_NAME = "$(TARGET_NAME)";
				TARGETED_DEVICE_FAMILY = 1;
				WRAPPER_EXTENSION = app;
			};
			name = Debug;
		};
		52E2DA52178CEADB00CF96C5 /* Release */ = {
			isa = XCBuildConfiguration;
			buildSettings = {
				ASSETCATALOG_COMPILER_APPICON_NAME = AppIcon;
				ASSETCATALOG_COMPILER_LAUNCHIMAGE_NAME = LaunchImage;
				GCC_PRECOMPILE_PREFIX_HEADER = YES;
				GCC_PREFIX_HEADER = "jTLC/jTLC-Prefix.pch";
				HEADER_SEARCH_PATHS = /usr/include/libxml2;
				INFOPLIST_FILE = "jTLC/jTLC-Info.plist";
				IPHONEOS_DEPLOYMENT_TARGET = 7.0;
				OTHER_CFLAGS = "";
				PRODUCT_NAME = "$(TARGET_NAME)";
				TARGETED_DEVICE_FAMILY = 1;
				WRAPPER_EXTENSION = app;
			};
			name = Release;
		};
/* End XCBuildConfiguration section */

/* Begin XCConfigurationList section */
		52854F1017E812FC00919635 /* Build configuration list for PBXNativeTarget "TLCFrameworkTests" */ = {
			isa = XCConfigurationList;
			buildConfigurations = (
				52854F0D17E812FC00919635 /* Debug */,
				52854F0E17E812FC00919635 /* Release */,
			);
			defaultConfigurationIsVisible = 0;
			defaultConfigurationName = Release;
		};
		52E2DA16178CEADB00CF96C5 /* Build configuration list for PBXProject "jTLC" */ = {
			isa = XCConfigurationList;
			buildConfigurations = (
				52E2DA4E178CEADB00CF96C5 /* Debug */,
				52E2DA4F178CEADB00CF96C5 /* Release */,
			);
			defaultConfigurationIsVisible = 0;
			defaultConfigurationName = Release;
		};
		52E2DA50178CEADB00CF96C5 /* Build configuration list for PBXNativeTarget "jTLC" */ = {
			isa = XCConfigurationList;
			buildConfigurations = (
				52E2DA51178CEADB00CF96C5 /* Debug */,
				52E2DA52178CEADB00CF96C5 /* Release */,
			);
			defaultConfigurationIsVisible = 0;
			defaultConfigurationName = Release;
		};
/* End XCConfigurationList section */
	};
	rootObject = 52E2DA13178CEADB00CF96C5 /* Project object */;
}
